
Microsoft Visual Studio Solution File, Format Version 12.00
# Visual Studio Version 16
VisualStudioVersion = 16.0.32901.82
MinimumVisualStudioVersion = 10.0.40219.1
Project("{FAE04EC0-301F-11D3-BF4B-00C04F79EFBC}") = "WebContentExtractor.Project", "WebContentExtractor.Project\WebContentExtractor.Project.csproj", "{AC7BE12D-6CEC-452C-AF1C-F861941561D2}"
EndProject
Project("{FAE04EC0-301F-11D3-BF4B-00C04F79EFBC}") = "WebContentExtractor.Common", "WebContentExtractor.Common\WebContentExtractor.Common.csproj", "{CAF9166C-0C3C-4AAB-8839-34E229E8E71E}"
EndProject
Global
	GlobalSection(SolutionConfigurationPlatforms) = preSolution
		Debug|Any CPU = Debug|Any CPU
		Release|Any CPU = Release|Any CPU
	EndGlobalSection
	GlobalSection(ProjectConfigurationPlatforms) = postSolution
		{AC7BE12D-6CEC-452C-AF1C-F861941561D2}.Debug|Any CPU.ActiveCfg = Debug|Any CPU
		{AC7BE12D-6CEC-452C-AF1C-F861941561D2}.Debug|Any CPU.Build.0 = Debug|Any CPU
		{AC7BE12D-6CEC-452C-AF1C-F861941561D2}.Release|Any CPU.ActiveCfg = Release|Any CPU
		{AC7BE12D-6CEC-452C-AF1C-F861941561D2}.Release|Any CPU.Build.0 = Release|Any CPU
		{CAF9166C-0C3C-4AAB-8839-34E229E8E71E}.Debug|Any CPU.ActiveCfg = Debug|Any CPU
		{CAF9166C-0C3C-4AAB-8839-34E229E8E71E}.Debug|Any CPU.Build.0 = Debug|Any CPU
		{CAF9166C-0C3C-4AAB-8839-34E229E8E71E}.Release|Any CPU.ActiveCfg = Release|Any CPU
		{CAF9166C-0C3C-4AAB-8839-34E229E8E71E}.Release|Any CPU.Build.0 = Release|Any CPU
	EndGlobalSection
	GlobalSection(SolutionProperties) = preSolution
		HideSolutionNode = FALSE
	EndGlobalSection
	GlobalSection(ExtensibilityGlobals) = postSolution
		SolutionGuid = {E87EB2CE-E20C-44BF-9C9C-F7895E88521D}
	EndGlobalSection
EndGlobal
